
Microsoft Visual Studio Solution File, Format Version 12.00
# Visual Studio 15
VisualStudioVersion = 15.0.28307.271
MinimumVisualStudioVersion = 10.0.40219.1
Project("{FAE04EC0-301F-11D3-BF4B-00C04F79EFBC}") = "AdminPanelWpf", "AdminPanelWpf\AdminPanelWpf.csproj", "{581BBB37-4F45-4360-935B-BA8EF498FF90}"
EndProject
Global
	GlobalSection(SolutionConfigurationPlatforms) = preSolution
		Debug|Any CPU = Debug|Any CPU
		Release|Any CPU = Release|Any CPU
	EndGlobalSection
	GlobalSection(ProjectConfigurationPlatforms) = postSolution
		{581BBB37-4F45-4360-935B-BA8EF498FF90}.Debug|Any CPU.ActiveCfg = Debug|Any CPU
		{581BBB37-4F45-4360-935B-BA8EF498FF90}.Debug|Any CPU.Build.0 = Debug|Any CPU
		{581BBB37-4F45-4360-935B-BA8EF498FF90}.Release|Any CPU.ActiveCfg = Release|Any CPU
		{581BBB37-4F45-4360-935B-BA8EF498FF90}.Release|Any CPU.Build.0 = Release|Any CPU
	EndGlobalSection
	GlobalSection(SolutionProperties) = preSolution
		HideSolutionNode = FALSE
	EndGlobalSection
	GlobalSection(ExtensibilityGlobals) = postSolution
		SolutionGuid = {F65BB5A6-FF16-465E-A701-7DB9C8CF66AF}
	EndGlobalSection
EndGlobal
